
Microsoft Visual Studio Solution File, Format Version 12.00
# Visual Studio Version 17
VisualStudioVersion = 17.0.32112.339
MinimumVisualStudioVersion = 10.0.40219.1
Project("{FAE04EC0-301F-11D3-BF4B-00C04F79EFBC}") = "ProjetoDemogoLivrariaQA", "ProjetoDemogoLivrariaQA.csproj", "{8F322730-F78F-4720-A856-36869D3E4855}"
EndProject
Global
	GlobalSection(SolutionConfigurationPlatforms) = preSolution
		Debug|Any CPU = Debug|Any CPU
		Release|Any CPU = Release|Any CPU
	EndGlobalSection
	GlobalSection(ProjectConfigurationPlatforms) = postSolution
		{8F322730-F78F-4720-A856-36869D3E4855}.Debug|Any CPU.ActiveCfg = Debug|Any CPU
		{8F322730-F78F-4720-A856-36869D3E4855}.Debug|Any CPU.Build.0 = Debug|Any CPU
		{8F322730-F78F-4720-A856-36869D3E4855}.Release|Any CPU.ActiveCfg = Release|Any CPU
		{8F322730-F78F-4720-A856-36869D3E4855}.Release|Any CPU.Build.0 = Release|Any CPU
	EndGlobalSection
	GlobalSection(SolutionProperties) = preSolution
		HideSolutionNode = FALSE
	EndGlobalSection
	GlobalSection(ExtensibilityGlobals) = postSolution
		SolutionGuid = {0D6F48D4-918F-427C-86AC-FF278CB0652E}
	EndGlobalSection
EndGlobal
